{
  "name": "node-hello",
  "version": "1.0.0",
  "lockfileVersion": 2,
  "requires": true,
  "packages": {
    "": {
      "name": "node-hello",
      "version": "1.0.0",
      "license": "ISC",
      "dependencies": {
        "@dynatrace/oneagent-sdk": "^1.4.1"
      }
    },
    "node_modules/@dynatrace/oneagent-sdk": {
      "version": "1.4.1",
      "resolved": "https://registry.npmjs.org/@dynatrace/oneagent-sdk/-/oneagent-sdk-1.4.1.tgz",
      "integrity": "sha512-S8HZxXGkfPBs8Lz9rZSBLCSn8cR0Q+F1YphVaZucO71my7GGcXgcExf4wMxVL43DtzOzA5b1H3GYEklVgCIsMg==",
      "engines": {
        "node": ">= 6.0.0"
      }
    }
  },
  "dependencies": {
    "@dynatrace/oneagent-sdk": {
      "version": "1.4.1",
      "resolved": "https://registry.npmjs.org/@dynatrace/oneagent-sdk/-/oneagent-sdk-1.4.1.tgz",
      "integrity": "sha512-S8HZxXGkfPBs8Lz9rZSBLCSn8cR0Q+F1YphVaZucO71my7GGcXgcExf4wMxVL43DtzOzA5b1H3GYEklVgCIsMg=="
    }
  }
}
